
Microsoft Visual Studio Solution File, Format Version 12.00
# Visual Studio Version 16
VisualStudioVersion = 16.0.29613.14
MinimumVisualStudioVersion = 10.0.40219.1
Project("{FAE04EC0-301F-11D3-BF4B-00C04F79EFBC}") = "GuJianMovieDecryptor", "GuJianMovieDecryptor.csproj", "{E1B6C83F-5E64-4168-97A0-8E7981C99420}"
EndProject
Global
	GlobalSection(SolutionConfigurationPlatforms) = preSolution
		Debug|Any CPU = Debug|Any CPU
		Release|Any CPU = Release|Any CPU
	EndGlobalSection
	GlobalSection(ProjectConfigurationPlatforms) = postSolution
		{E1B6C83F-5E64-4168-97A0-8E7981C99420}.Debug|Any CPU.ActiveCfg = Debug|Any CPU
		{E1B6C83F-5E64-4168-97A0-8E7981C99420}.Debug|Any CPU.Build.0 = Debug|Any CPU
		{E1B6C83F-5E64-4168-97A0-8E7981C99420}.Release|Any CPU.ActiveCfg = Release|Any CPU
		{E1B6C83F-5E64-4168-97A0-8E7981C99420}.Release|Any CPU.Build.0 = Release|Any CPU
	EndGlobalSection
	GlobalSection(SolutionProperties) = preSolution
		HideSolutionNode = FALSE
	EndGlobalSection
	GlobalSection(ExtensibilityGlobals) = postSolution
		SolutionGuid = {D4E758BB-29BA-494C-8F0C-C4642B38887C}
	EndGlobalSection
EndGlobal
